// !$*UTF8*$!
{
	archiveVersion = 1;
	classes = {
	};
	objectVersion = 56;
	objects = {

/* Begin PBXBuildFile section */
		0CEB4D142ADE36BA002FC4DC /* AppDelegate.swift in Sources */ = {isa = PBXBuildFile; fileRef = 0CEB4D132ADE36BA002FC4DC /* AppDelegate.swift */; };
		0CEB4D162ADE36BA002FC4DC /* SceneDelegate.swift in Sources */ = {isa = PBXBuildFile; fileRef = 0CEB4D152ADE36BA002FC4DC /* SceneDelegate.swift */; };
		0CEB4D182ADE36BA002FC4DC /* ViewController.swift in Sources */ = {isa = PBXBuildFile; fileRef = 0CEB4D172ADE36BA002FC4DC /* ViewController.swift */; };
		0CEB4D1B2ADE36BA002FC4DC /* Main.storyboard in Resources */ = {isa = PBXBuildFile; fileRef = 0CEB4D192ADE36BA002FC4DC /* Main.storyboard */; };
		0CEB4D1D2ADE36C0002FC4DC /* Assets.xcassets in Resources */ = {isa = PBXBuildFile; fileRef = 0CEB4D1C2ADE36C0002FC4DC /* Assets.xcassets */; };
		0CEB4D202ADE36C0002FC4DC /* LaunchScreen.storyboard in Resources */ = {isa = PBXBuildFile; fileRef = 0CEB4D1E2ADE36C0002FC4DC /* LaunchScreen.storyboard */; };
		0CEB4D2B2ADE36C0002FC4DC /* Assignment_1Tests.swift in Sources */ = {isa = PBXBuildFile; fileRef = 0CEB4D2A2ADE36C0002FC4DC /* Assignment_1Tests.swift */; };
		0CEB4D352ADE36C0002FC4DC /* Assignment_1UITests.swift in Sources */ = {isa = PBXBuildFile; fileRef = 0CEB4D342ADE36C0002FC4DC /* Assignment_1UITests.swift */; };
		0CEB4D372ADE36C0002FC4DC /* Assignment_1UITestsLaunchTests.swift in Sources */ = {isa = PBXBuildFile; fileRef = 0CEB4D362ADE36C0002FC4DC /* Assignment_1UITestsLaunchTests.swift */; };
/* End PBXBuildFile section */

/* Begin PBXContainerItemProxy section */
		0CEB4D272ADE36C0002FC4DC /* PBXContainerItemProxy */ = {
			isa = PBXContainerItemProxy;
			containerPortal = 0CEB4D082ADE36BA002FC4DC /* Project object */;
			proxyType = 1;
			remoteGlobalIDString = 0CEB4D0F2ADE36BA002FC4DC;
			remoteInfo = "Assignment 1";
		};
		0CEB4D312ADE36C0002FC4DC /* PBXContainerItemProxy */ = {
			isa = PBXContainerItemProxy;
			containerPortal = 0CEB4D082ADE36BA002FC4DC /* Project object */;
			proxyType = 1;
			remoteGlobalIDString = 0CEB4D0F2ADE36BA002FC4DC;
			remoteInfo = "Assignment 1";
		};
/* End PBXContainerItemProxy section */

/* Begin PBXFileReference section */
		0CEB4D102ADE36BA002FC4DC /* Assignment 1.app */ = {isa = PBXFileReference; explicitFileType = wrapper.application; includeInIndex = 0; path = "Assignment 1.app"; sourceTree = BUILT_PRODUCTS_DIR; };
		0CEB4D132ADE36BA002FC4DC /* AppDelegate.swift */ = {isa = PBXFileReference; lastKnownFileType = sourcecode.swift; path = AppDelegate.swift; sourceTree = "<group>"; };
		0CEB4D152ADE36BA002FC4DC /* SceneDelegate.swift */ = {isa = PBXFileReference; lastKnownFileType = sourcecode.swift; path = SceneDelegate.swift; sourceTree = "<group>"; };
		0CEB4D172ADE36BA002FC4DC /* ViewController.swift */ = {isa = PBXFileReference; lastKnownFileType = sourcecode.swift; path = ViewController.swift; sourceTree = "<group>"; };
		0CEB4D1A2ADE36BA002FC4DC /* Base */ = {isa = PBXFileReference; lastKnownFileType = file.storyboard; name = Base; path = Base.lproj/Main.storyboard; sourceTree = "<group>"; };
		0CEB4D1C2ADE36C0002FC4DC /* Assets.xcassets */ = {isa = PBXFileReference; lastKnownFileType = folder.assetcatalog; path = Assets.xcassets; sourceTree = "<group>"; };
		0CEB4D1F2ADE36C0002FC4DC /* Base */ = {isa = PBXFileReference; lastKnownFileType = file.storyboard; name = Base; path = Base.lproj/LaunchScreen.storyboard; sourceTree = "<group>"; };
		0CEB4D212ADE36C0002FC4DC /* Info.plist */ = {isa = PBXFileReference; lastKnownFileType = text.plist.xml; path = Info.plist; sourceTree = "<group>"; };
		0CEB4D262ADE36C0002FC4DC /* Assignment 1Tests.xctest */ = {isa = PBXFileReference; explicitFileType = wrapper.cfbundle; includeInIndex = 0; path = "Assignment 1Tests.xctest"; sourceTree = BUILT_PRODUCTS_DIR; };
		0CEB4D2A2ADE36C0002FC4DC /* Assignment_1Tests.swift */ = {isa = PBXFileReference; lastKnownFileType = sourcecode.swift; path = Assignment_1Tests.swift; sourceTree = "<group>"; };
		0CEB4D302ADE36C0002FC4DC /* Assignment 1UITests.xctest */ = {isa = PBXFileReference; explicitFileType = wrapper.cfbundle; includeInIndex = 0; path = "Assignment 1UITests.xctest"; sourceTree = BUILT_PRODUCTS_DIR; };
		0CEB4D342ADE36C0002FC4DC /* Assignment_1UITests.swift */ = {isa = PBXFileReference; lastKnownFileType = sourcecode.swift; path = Assignment_1UITests.swift; sourceTree = "<group>"; };
		0CEB4D362ADE36C0002FC4DC /* Assignment_1UITestsLaunchTests.swift */ = {isa = PBXFileReference; lastKnownFileType = sourcecode.swift; path = Assignment_1UITestsLaunchTests.swift; sourceTree = "<group>"; };
/* End PBXFileReference section */

/* Begin PBXFrameworksBuildPhase section */
		0CEB4D0D2ADE36BA002FC4DC /* Frameworks */ = {
			isa = PBXFrameworksBuildPhase;
			buildActionMask = 2147483647;
			files = (
			);
			runOnlyForDeploymentPostprocessing = 0;
		};
		0CEB4D232ADE36C0002FC4DC /* Frameworks */ = {
			isa = PBXFrameworksBuildPhase;
			buildActionMask = 2147483647;
			files = (
			);
			runOnlyForDeploymentPostprocessing = 0;
		};
		0CEB4D2D2ADE36C0002FC4DC /* Frameworks */ = {
			isa = PBXFrameworksBuildPhase;
			buildActionMask = 2147483647;
			files = (
			);
			runOnlyForDeploymentPostprocessing = 0;
		};
/* End PBXFrameworksBuildPhase section */

/* Begin PBXGroup section */
		0CEB4D072ADE36BA002FC4DC = {
			isa = PBXGroup;
			children = (
				0CEB4D122ADE36BA002FC4DC /* Assignment 1 */,
				0CEB4D292ADE36C0002FC4DC /* Assignment 1Tests */,
				0CEB4D332ADE36C0002FC4DC /* Assignment 1UITests */,
				0CEB4D112ADE36BA002FC4DC /* Products */,
			);
			sourceTree = "<group>";
		};
		0CEB4D112ADE36BA002FC4DC /* Products */ = {
			isa = PBXGroup;
			children = (
				0CEB4D102ADE36BA002FC4DC /* Assignment 1.app */,
				0CEB4D262ADE36C0002FC4DC /* Assignment 1Tests.xctest */,
				0CEB4D302ADE36C0002FC4DC /* Assignment 1UITests.xctest */,
			);
			name = Products;
			sourceTree = "<group>";
		};
		0CEB4D122ADE36BA002FC4DC /* Assignment 1 */ = {
			isa = PBXGroup;
			children = (
				0CEB4D132ADE36BA002FC4DC /* AppDelegate.swift */,
				0CEB4D152ADE36BA002FC4DC /* SceneDelegate.swift */,
				0CEB4D172ADE36BA002FC4DC /* ViewController.swift */,
				0CEB4D192ADE36BA002FC4DC /* Main.storyboard */,
				0CEB4D1C2ADE36C0002FC4DC /* Assets.xcassets */,
				0CEB4D1E2ADE36C0002FC4DC /* LaunchScreen.storyboard */,
				0CEB4D212ADE36C0002FC4DC /* Info.plist */,
			);
			path = "Assignment 1";
			sourceTree = "<group>";
		};
		0CEB4D292ADE36C0002FC4DC /* Assignment 1Tests */ = {
			isa = PBXGroup;
			children = (
				0CEB4D2A2ADE36C0002FC4DC /* Assignment_1Tests.swift */,
			);
			path = "Assignment 1Tests";
			sourceTree = "<group>";
		};
		0CEB4D332ADE36C0002FC4DC /* Assignment 1UITests */ = {
			isa = PBXGroup;
			children = (
				0CEB4D342ADE36C0002FC4DC /* Assignment_1UITests.swift */,
				0CEB4D362ADE36C0002FC4DC /* Assignment_1UITestsLaunchTests.swift */,
			);
			path = "Assignment 1UITests";
			sourceTree = "<group>";
		};
/* End PBXGroup section */

/* Begin PBXNativeTarget section */
		0CEB4D0F2ADE36BA002FC4DC /* Assignment 1 */ = {
			isa = PBXNativeTarget;
			buildConfigurationList = 0CEB4D3A2ADE36C0002FC4DC /* Build configuration list for PBXNativeTarget "Assignment 1" */;
			buildPhases = (
				0CEB4D0C2ADE36BA002FC4DC /* Sources */,
				0CEB4D0D2ADE36BA002FC4DC /* Frameworks */,
				0CEB4D0E2ADE36BA002FC4DC /* Resources */,
			);
			buildRules = (
			);
			dependencies = (
			);
			name = "Assignment 1";
			productName = "Assignment 1";
			productReference = 0CEB4D102ADE36BA002FC4DC /* Assignment 1.app */;
			productType = "com.apple.product-type.application";
		};
		0CEB4D252ADE36C0002FC4DC /* Assignment 1Tests */ = {
			isa = PBXNativeTarget;
			buildConfigurationList = 0CEB4D3D2ADE36C0002FC4DC /* Build configuration list for PBXNativeTarget "Assignment 1Tests" */;
			buildPhases = (
				0CEB4D222ADE36C0002FC4DC /* Sources */,
				0CEB4D232ADE36C0002FC4DC /* Frameworks */,
				0CEB4D242ADE36C0002FC4DC /* Resources */,
			);
			buildRules = (
			);
			dependencies = (
				0CEB4D282ADE36C0002FC4DC /* PBXTargetDependency */,
			);
			name = "Assignment 1Tests";
			productName = "Assignment 1Tests";
			productReference = 0CEB4D262ADE36C0002FC4DC /* Assignment 1Tests.xctest */;
			productType = "com.apple.product-type.bundle.unit-test";
		};
		0CEB4D2F2ADE36C0002FC4DC /* Assignment 1UITests */ = {
			isa = PBXNativeTarget;
			buildConfigurationList = 0CEB4D402ADE36C0002FC4DC /* Build configuration list for PBXNativeTarget "Assignment 1UITests" */;
			buildPhases = (
				0CEB4D2C2ADE36C0002FC4DC /* Sources */,
				0CEB4D2D2ADE36C0002FC4DC /* Frameworks */,
				0CEB4D2E2ADE36C0002FC4DC /* Resources */,
			);
			buildRules = (
			);
			dependencies = (
				0CEB4D322ADE36C0002FC4DC /* PBXTargetDependency */,
			);
			name = "Assignment 1UITests";
			productName = "Assignment 1UITests";
			productReference = 0CEB4D302ADE36C0002FC4DC /* Assignment 1UITests.xctest */;
			productType = "com.apple.product-type.bundle.ui-testing";
		};
/* End PBXNativeTarget section */

/* Begin PBXProject section */
		0CEB4D082ADE36BA002FC4DC /* Project object */ = {
			isa = PBXProject;
			attributes = {
				BuildIndependentTargetsInParallel = 1;
				LastSwiftUpdateCheck = 1500;
				LastUpgradeCheck = 1500;
				TargetAttributes = {
					0CEB4D0F2ADE36BA002FC4DC = {
						CreatedOnToolsVersion = 15.0;
					};
					0CEB4D252ADE36C0002FC4DC = {
						CreatedOnToolsVersion = 15.0;
						TestTargetID = 0CEB4D0F2ADE36BA002FC4DC;
					};
					0CEB4D2F2ADE36C0002FC4DC = {
						CreatedOnToolsVersion = 15.0;
						TestTargetID = 0CEB4D0F2ADE36BA002FC4DC;
					};
				};
			};
			buildConfigurationList = 0CEB4D0B2ADE36BA002FC4DC /* Build configuration list for PBXProject "Assignment 1" */;
			compatibilityVersion = "Xcode 14.0";
			developmentRegion = en;
			hasScannedForEncodings = 0;
			knownRegions = (
				en,
				Base,
			);
			mainGroup = 0CEB4D072ADE36BA002FC4DC;
			productRefGroup = 0CEB4D112ADE36BA002FC4DC /* Products */;
			projectDirPath = "";
			projectRoot = "";
			targets = (
				0CEB4D0F2ADE36BA002FC4DC /* Assignment 1 */,
				0CEB4D252ADE36C0002FC4DC /* Assignment 1Tests */,
				0CEB4D2F2ADE36C0002FC4DC /* Assignment 1UITests */,
			);
		};
/* End PBXProject section */

/* Begin PBXResourcesBuildPhase section */
		0CEB4D0E2ADE36BA002FC4DC /* Resources */ = {
			isa = PBXResourcesBuildPhase;
			buildActionMask = 2147483647;
			files = (
				0CEB4D202ADE36C0002FC4DC /* LaunchScreen.storyboard in Resources */,
				0CEB4D1D2ADE36C0002FC4DC /* Assets.xcassets in Resources */,
				0CEB4D1B2ADE36BA002FC4DC /* Main.storyboard in Resources */,
			);
			runOnlyForDeploymentPostprocessing = 0;
		};
		0CEB4D242ADE36C0002FC4DC /* Resources */ = {
			isa = PBXResourcesBuildPhase;
			buildActionMask = 2147483647;
			files = (
			);
			runOnlyForDeploymentPostprocessing = 0;
		};
		0CEB4D2E2ADE36C0002FC4DC /* Resources */ = {
			isa = PBXResourcesBuildPhase;
			buildActionMask = 2147483647;
			files = (
			);
			runOnlyForDeploymentPostprocessing = 0;
		};
/* End PBXResourcesBuildPhase section */

/* Begin PBXSourcesBuildPhase section */
		0CEB4D0C2ADE36BA002FC4DC /* Sources */ = {
			isa = PBXSourcesBuildPhase;
			buildActionMask = 2147483647;
			files = (
				0CEB4D182ADE36BA002FC4DC /* ViewController.swift in Sources */,
				0CEB4D142ADE36BA002FC4DC /* AppDelegate.swift in Sources */,
				0CEB4D162ADE36BA002FC4DC /* SceneDelegate.swift in Sources */,
			);
			runOnlyForDeploymentPostprocessing = 0;
		};
		0CEB4D222ADE36C0002FC4DC /* Sources */ = {
			isa = PBXSourcesBuildPhase;
			buildActionMask = 2147483647;
			files = (
				0CEB4D2B2ADE36C0002FC4DC /* Assignment_1Tests.swift in Sources */,
			);
			runOnlyForDeploymentPostprocessing = 0;
		};
		0CEB4D2C2ADE36C0002FC4DC /* Sources */ = {
			isa = PBXSourcesBuildPhase;
			buildActionMask = 2147483647;
			files = (
				0CEB4D352ADE36C0002FC4DC /* Assignment_1UITests.swift in Sources */,
				0CEB4D372ADE36C0002FC4DC /* Assignment_1UITestsLaunchTests.swift in Sources */,
			);
			runOnlyForDeploymentPostprocessing = 0;
		};
/* End PBXSourcesBuildPhase section */

/* Begin PBXTargetDependency section */
		0CEB4D282ADE36C0002FC4DC /* PBXTargetDependency */ = {
			isa = PBXTargetDependency;
			target = 0CEB4D0F2ADE36BA002FC4DC /* Assignment 1 */;
			targetProxy = 0CEB4D272ADE36C0002FC4DC /* PBXContainerItemProxy */;
		};
		0CEB4D322ADE36C0002FC4DC /* PBXTargetDependency */ = {
			isa = PBXTargetDependency;
			target = 0CEB4D0F2ADE36BA002FC4DC /* Assignment 1 */;
			targetProxy = 0CEB4D312ADE36C0002FC4DC /* PBXContainerItemProxy */;
		};
/* End PBXTargetDependency section */

/* Begin PBXVariantGroup section */
		0CEB4D192ADE36BA002FC4DC /* Main.storyboard */ = {
			isa = PBXVariantGroup;
			children = (
				0CEB4D1A2ADE36BA002FC4DC /* Base */,
			);
			name = Main.storyboard;
			sourceTree = "<group>";
		};
		0CEB4D1E2ADE36C0002FC4DC /* LaunchScreen.storyboard */ = {
			isa = PBXVariantGroup;
			children = (
				0CEB4D1F2ADE36C0002FC4DC /* Base */,
			);
			name = LaunchScreen.storyboard;
			sourceTree = "<group>";
		};
/* End PBXVariantGroup section */

/* Begin XCBuildConfiguration section */
		0CEB4D382ADE36C0002FC4DC /* Debug */ = {
			isa = XCBuildConfiguration;
			buildSettings = {
				ALWAYS_SEARCH_USER_PATHS = NO;
				ASSETCATALOG_COMPILER_GENERATE_SWIFT_ASSET_SYMBOL_EXTENSIONS = YES;
				CLANG_ANALYZER_NONNULL = YES;
				CLANG_ANALYZER_NUMBER_OBJECT_CONVERSION = YES_AGGRESSIVE;
				CLANG_CXX_LANGUAGE_STANDARD = "gnu++20";
				CLANG_ENABLE_MODULES = YES;
				CLANG_ENABLE_OBJC_ARC = YES;
				CLANG_ENABLE_OBJC_WEAK = YES;
				CLANG_WARN_BLOCK_CAPTURE_AUTORELEASING = YES;
				CLANG_WARN_BOOL_CONVERSION = YES;
				CLANG_WARN_COMMA = YES;
				CLANG_WARN_CONSTANT_CONVERSION = YES;
				CLANG_WARN_DEPRECATED_OBJC_IMPLEMENTATIONS = YES;
				CLANG_WARN_DIRECT_OBJC_ISA_USAGE = YES_ERROR;
				CLANG_WARN_DOCUMENTATION_COMMENTS = YES;
				CLANG_WARN_EMPTY_BODY = YES;
				CLANG_WARN_ENUM_CONVERSION = YES;
				CLANG_WARN_INFINITE_RECURSION = YES;
				CLANG_WARN_INT_CONVERSION = YES;
				CLANG_WARN_NON_LITERAL_NULL_CONVERSION = YES;
				CLANG_WARN_OBJC_IMPLICIT_RETAIN_SELF = YES;
				CLANG_WARN_OBJC_LITERAL_CONVERSION = YES;
				CLANG_WARN_OBJC_ROOT_CLASS = YES_ERROR;
				CLANG_WARN_QUOTED_INCLUDE_IN_FRAMEWORK_HEADER = YES;
				CLANG_WARN_RANGE_LOOP_ANALYSIS = YES;
				CLANG_WARN_STRICT_PROTOTYPES = YES;
				CLANG_WARN_SUSPICIOUS_MOVE = YES;
				CLANG_WARN_UNGUARDED_AVAILABILITY = YES_AGGRESSIVE;
				CLANG_WARN_UNREACHABLE_CODE = YES;
				CLANG_WARN__DUPLICATE_METHOD_MATCH = YES;
				COPY_PHASE_STRIP = NO;
				DEBUG_INFORMATION_FORMAT = dwarf;
				ENABLE_STRICT_OBJC_MSGSEND = YES;
				ENABLE_TESTABILITY = YES;
				ENABLE_USER_SCRIPT_SANDBOXING = YES;
				GCC_C_LANGUAGE_STANDARD = gnu17;
				GCC_DYNAMIC_NO_PIC = NO;
				GCC_NO_COMMON_BLOCKS = YES;
				GCC_OPTIMIZATION_LEVEL = 0;
				GCC_PREPROCESSOR_DEFINITIONS = (
					"DEBUG=1",
					"$(inherited)",
				);
				GCC_WARN_64_TO_32_BIT_CONVERSION = YES;
				GCC_WARN_ABOUT_RETURN_TYPE = YES_ERROR;
				GCC_WARN_UNDECLARED_SELECTOR = YES;
				GCC_WARN_UNINITIALIZED_AUTOS = YES_AGGRESSIVE;
				GCC_WARN_UNUSED_FUNCTION = YES;
				GCC_WARN_UNUSED_VARIABLE = YES;
				IPHONEOS_DEPLOYMENT_TARGET = 17.0;
				LOCALIZATION_PREFERS_STRING_CATALOGS = YES;
				MTL_ENABLE_DEBUG_INFO = INCLUDE_SOURCE;
				MTL_FAST_MATH = YES;
				ONLY_ACTIVE_ARCH = YES;
				SDKROOT = iphoneos;
				SWIFT_ACTIVE_COMPILATION_CONDITIONS = "DEBUG $(inherited)";
				SWIFT_OPTIMIZATION_LEVEL = "-Onone";
			};
			name = Debug;
		};
		0CEB4D392ADE36C0002FC4DC /* Release */ = {
			isa = XCBuildConfiguration;
			buildSettings = {
				ALWAYS_SEARCH_USER_PATHS = NO;
				ASSETCATALOG_COMPILER_GENERATE_SWIFT_ASSET_SYMBOL_EXTENSIONS = YES;
				CLANG_ANALYZER_NONNULL = YES;
				CLANG_ANALYZER_NUMBER_OBJECT_CONVERSION = YES_AGGRESSIVE;
				CLANG_CXX_LANGUAGE_STANDARD = "gnu++20";
				CLANG_ENABLE_MODULES = YES;
				CLANG_ENABLE_OBJC_ARC = YES;
				CLANG_ENABLE_OBJC_WEAK = YES;
				CLANG_WARN_BLOCK_CAPTURE_AUTORELEASING = YES;
				CLANG_WARN_BOOL_CONVERSION = YES;
				CLANG_WARN_COMMA = YES;
				CLANG_WARN_CONSTANT_CONVERSION = YES;
				CLANG_WARN_DEPRECATED_OBJC_IMPLEMENTATIONS = YES;
				CLANG_WARN_DIRECT_OBJC_ISA_USAGE = YES_ERROR;
				CLANG_WARN_DOCUMENTATION_COMMENTS = YES;
				CLANG_WARN_EMPTY_BODY = YES;
				CLANG_WARN_ENUM_CONVERSION = YES;
				CLANG_WARN_INFINITE_RECURSION = YES;
				CLANG_WARN_INT_CONVERSION = YES;
				CLANG_WARN_NON_LITERAL_NULL_CONVERSION = YES;
				CLANG_WARN_OBJC_IMPLICIT_RETAIN_SELF = YES;
				CLANG_WARN_OBJC_LITERAL_CONVERSION = YES;
				CLANG_WARN_OBJC_ROOT_CLASS = YES_ERROR;
				CLANG_WARN_QUOTED_INCLUDE_IN_FRAMEWORK_HEADER = YES;
				CLANG_WARN_RANGE_LOOP_ANALYSIS = YES;
				CLANG_WARN_STRICT_PROTOTYPES = YES;
				CLANG_WARN_SUSPICIOUS_MOVE = YES;
				CLANG_WARN_UNGUARDED_AVAILABILITY = YES_AGGRESSIVE;
				CLANG_WARN_UNREACHABLE_CODE = YES;
				CLANG_WARN__DUPLICATE_METHOD_MATCH = YES;
				COPY_PHASE_STRIP = NO;
				DEBUG_INFORMATION_FORMAT = "dwarf-with-dsym";
				ENABLE_NS_ASSERTIONS = NO;
				ENABLE_STRICT_OBJC_MSGSEND = YES;
				ENABLE_USER_SCRIPT_SANDBOXING = YES;
				GCC_C_LANGUAGE_STANDARD = gnu17;
				GCC_NO_COMMON_BLOCKS = YES;
				GCC_WARN_64_TO_32_BIT_CONVERSION = YES;
				GCC_WARN_ABOUT_RETURN_TYPE = YES_ERROR;
				GCC_WARN_UNDECLARED_SELECTOR = YES;
				GCC_WARN_UNINITIALIZED_AUTOS = YES_AGGRESSIVE;
				GCC_WARN_UNUSED_FUNCTION = YES;
				GCC_WARN_UNUSED_VARIABLE = YES;
				IPHONEOS_DEPLOYMENT_TARGET = 17.0;
				LOCALIZATION_PREFERS_STRING_CATALOGS = YES;
				MTL_ENABLE_DEBUG_INFO = NO;
				MTL_FAST_MATH = YES;
				SDKROOT = iphoneos;
				SWIFT_COMPILATION_MODE = wholemodule;
				VALIDATE_PRODUCT = YES;
			};
			name = Release;
		};
		0CEB4D3B2ADE36C0002FC4DC /* Debug */ = {
			isa = XCBuildConfiguration;
			buildSettings = {
				ASSETCATALOG_COMPILER_APPICON_NAME = AppIcon;
				ASSETCATALOG_COMPILER_GLOBAL_ACCENT_COLOR_NAME = AccentColor;
				CODE_SIGN_STYLE = Automatic;
				CURRENT_PROJECT_VERSION = 1;
				GENERATE_INFOPLIST_FILE = YES;
				INFOPLIST_FILE = "Assignment 1/Info.plist";
				INFOPLIST_KEY_UIApplicationSupportsIndirectInputEvents = YES;
				INFOPLIST_KEY_UILaunchStoryboardName = LaunchScreen;
				INFOPLIST_KEY_UIMainStoryboardFile = Main;
				INFOPLIST_KEY_UISupportedInterfaceOrientations_iPad = "UIInterfaceOrientationPortrait UIInterfaceOrientationPortraitUpsideDown UIInterfaceOrientationLandscapeLeft UIInterfaceOrientationLandscapeRight";
				INFOPLIST_KEY_UISupportedInterfaceOrientations_iPhone = "UIInterfaceOrientationPortrait UIInterfaceOrientationLandscapeLeft UIInterfaceOrientationLandscapeRight";
				LD_RUNPATH_SEARCH_PATHS = (
					"$(inherited)",
					"@executable_path/Frameworks",
				);
				MARKETING_VERSION = 1.0;
				PRODUCT_BUNDLE_IDENTIFIER = "jgray.lol.Assignment-1";
				PRODUCT_NAME = "$(TARGET_NAME)";
				SWIFT_EMIT_LOC_STRINGS = YES;
				SWIFT_VERSION = 5.0;
				TARGETED_DEVICE_FAMILY = "1,2";
			};
			name = Debug;
		};
		0CEB4D3C2ADE36C0002FC4DC /* Release */ = {
			isa = XCBuildConfiguration;
			buildSettings = {
				ASSETCATALOG_COMPILER_APPICON_NAME = AppIcon;
				ASSETCATALOG_COMPILER_GLOBAL_ACCENT_COLOR_NAME = AccentColor;
				CODE_SIGN_STYLE = Automatic;
				CURRENT_PROJECT_VERSION = 1;
				GENERATE_INFOPLIST_FILE = YES;
				INFOPLIST_FILE = "Assignment 1/Info.plist";
				INFOPLIST_KEY_UIApplicationSupportsIndirectInputEvents = YES;
				INFOPLIST_KEY_UILaunchStoryboardName = LaunchScreen;
				INFOPLIST_KEY_UIMainStoryboardFile = Main;
				INFOPLIST_KEY_UISupportedInterfaceOrientations_iPad = "UIInterfaceOrientationPortrait UIInterfaceOrientationPortraitUpsideDown UIInterfaceOrientationLandscapeLeft UIInterfaceOrientationLandscapeRight";
				INFOPLIST_KEY_UISupportedInterfaceOrientations_iPhone = "UIInterfaceOrientationPortrait UIInterfaceOrientationLandscapeLeft UIInterfaceOrientationLandscapeRight";
				LD_RUNPATH_SEARCH_PATHS = (
					"$(inherited)",
					"@executable_path/Frameworks",
				);
				MARKETING_VERSION = 1.0;
				PRODUCT_BUNDLE_IDENTIFIER = "jgray.lol.Assignment-1";
				PRODUCT_NAME = "$(TARGET_NAME)";
				SWIFT_EMIT_LOC_STRINGS = YES;
				SWIFT_VERSION = 5.0;
				TARGETED_DEVICE_FAMILY = "1,2";
			};
			name = Release;
		};
		0CEB4D3E2ADE36C0002FC4DC /* Debug */ = {
			isa = XCBuildConfiguration;
			buildSettings = {
				ALWAYS_EMBED_SWIFT_STANDARD_LIBRARIES = YES;
				BUNDLE_LOADER = "$(TEST_HOST)";
				CODE_SIGN_STYLE = Automatic;
				CURRENT_PROJECT_VERSION = 1;
				GENERATE_INFOPLIST_FILE = YES;
				IPHONEOS_DEPLOYMENT_TARGET = 17.0;
				MARKETING_VERSION = 1.0;
				PRODUCT_BUNDLE_IDENTIFIER = "jgray.lol.Assignment-1Tests";
				PRODUCT_NAME = "$(TARGET_NAME)";
				SWIFT_EMIT_LOC_STRINGS = NO;
				SWIFT_VERSION = 5.0;
				TARGETED_DEVICE_FAMILY = "1,2";
				TEST_HOST = "$(BUILT_PRODUCTS_DIR)/Assignment 1.app/$(BUNDLE_EXECUTABLE_FOLDER_PATH)/Assignment 1";
			};
			name = Debug;
		};
		0CEB4D3F2ADE36C0002FC4DC /* Release */ = {
			isa = XCBuildConfiguration;
			buildSettings = {
				ALWAYS_EMBED_SWIFT_STANDARD_LIBRARIES = YES;
				BUNDLE_LOADER = "$(TEST_HOST)";
				CODE_SIGN_STYLE = Automatic;
				CURRENT_PROJECT_VERSION = 1;
				GENERATE_INFOPLIST_FILE = YES;
				IPHONEOS_DEPLOYMENT_TARGET = 17.0;
				MARKETING_VERSION = 1.0;
				PRODUCT_BUNDLE_IDENTIFIER = "jgray.lol.Assignment-1Tests";
				PRODUCT_NAME = "$(TARGET_NAME)";
				SWIFT_EMIT_LOC_STRINGS = NO;
				SWIFT_VERSION = 5.0;
				TARGETED_DEVICE_FAMILY = "1,2";
				TEST_HOST = "$(BUILT_PRODUCTS_DIR)/Assignment 1.app/$(BUNDLE_EXECUTABLE_FOLDER_PATH)/Assignment 1";
			};
			name = Release;
		};
		0CEB4D412ADE36C0002FC4DC /* Debug */ = {
			isa = XCBuildConfiguration;
			buildSettings = {
				ALWAYS_EMBED_SWIFT_STANDARD_LIBRARIES = YES;
				CODE_SIGN_STYLE = Automatic;
				CURRENT_PROJECT_VERSION = 1;
				GENERATE_INFOPLIST_FILE = YES;
				MARKETING_VERSION = 1.0;
				PRODUCT_BUNDLE_IDENTIFIER = "jgray.lol.Assignment-1UITests";
				PRODUCT_NAME = "$(TARGET_NAME)";
				SWIFT_EMIT_LOC_STRINGS = NO;
				SWIFT_VERSION = 5.0;
				TARGETED_DEVICE_FAMILY = "1,2";
				TEST_TARGET_NAME = "Assignment 1";
			};
			name = Debug;
		};
		0CEB4D422ADE36C0002FC4DC /* Release */ = {
			isa = XCBuildConfiguration;
			buildSettings = {
				ALWAYS_EMBED_SWIFT_STANDARD_LIBRARIES = YES;
				CODE_SIGN_STYLE = Automatic;
				CURRENT_PROJECT_VERSION = 1;
				GENERATE_INFOPLIST_FILE = YES;
				MARKETING_VERSION = 1.0;
				PRODUCT_BUNDLE_IDENTIFIER = "jgray.lol.Assignment-1UITests";
				PRODUCT_NAME = "$(TARGET_NAME)";
				SWIFT_EMIT_LOC_STRINGS = NO;
				SWIFT_VERSION = 5.0;
				TARGETED_DEVICE_FAMILY = "1,2";
				TEST_TARGET_NAME = "Assignment 1";
			};
			name = Release;
		};
/* End XCBuildConfiguration section */

/* Begin XCConfigurationList section */
		0CEB4D0B2ADE36BA002FC4DC /* Build configuration list for PBXProject "Assignment 1" */ = {
			isa = XCConfigurationList;
			buildConfigurations = (
				0CEB4D382ADE36C0002FC4DC /* Debug */,
				0CEB4D392ADE36C0002FC4DC /* Release */,
			);
			defaultConfigurationIsVisible = 0;
			defaultConfigurationName = Release;
		};
		0CEB4D3A2ADE36C0002FC4DC /* Build configuration list for PBXNativeTarget "Assignment 1" */ = {
			isa = XCConfigurationList;
			buildConfigurations = (
				0CEB4D3B2ADE36C0002FC4DC /* Debug */,
				0CEB4D3C2ADE36C0002FC4DC /* Release */,
			);
			defaultConfigurationIsVisible = 0;
			defaultConfigurationName = Release;
		};
		0CEB4D3D2ADE36C0002FC4DC /* Build configuration list for PBXNativeTarget "Assignment 1Tests" */ = {
			isa = XCConfigurationList;
			buildConfigurations = (
				0CEB4D3E2ADE36C0002FC4DC /* Debug */,
				0CEB4D3F2ADE36C0002FC4DC /* Release */,
			);
			defaultConfigurationIsVisible = 0;
			defaultConfigurationName = Release;
		};
		0CEB4D402ADE36C0002FC4DC /* Build configuration list for PBXNativeTarget "Assignment 1UITests" */ = {
			isa = XCConfigurationList;
			buildConfigurations = (
				0CEB4D412ADE36C0002FC4DC /* Debug */,
				0CEB4D422ADE36C0002FC4DC /* Release */,
			);
			defaultConfigurationIsVisible = 0;
			defaultConfigurationName = Release;
		};
/* End XCConfigurationList section */
	};
	rootObject = 0CEB4D082ADE36BA002FC4DC /* Project object */;
}
